
Microsoft Visual Studio Solution File, Format Version 12.00
# Visual Studio Version 17
VisualStudioVersion = 17.5.002.0
MinimumVisualStudioVersion = 10.0.40219.1
Project("{9A19103F-16F7-4668-BE54-9A1E7A4F7556}") = "CamCap", "CamCap\CamCap.csproj", "{E1B8EF59-5499-400B-8B51-19B5692250EE}"
EndProject
Global
	GlobalSection(SolutionConfigurationPlatforms) = preSolution
		Debug|Any CPU = Debug|Any CPU
		Release|Any CPU = Release|Any CPU
	EndGlobalSection
	GlobalSection(ProjectConfigurationPlatforms) = postSolution
		{E1B8EF59-5499-400B-8B51-19B5692250EE}.Debug|Any CPU.ActiveCfg = Debug|Any CPU
		{E1B8EF59-5499-400B-8B51-19B5692250EE}.Debug|Any CPU.Build.0 = Debug|Any CPU
		{E1B8EF59-5499-400B-8B51-19B5692250EE}.Release|Any CPU.ActiveCfg = Release|Any CPU
		{E1B8EF59-5499-400B-8B51-19B5692250EE}.Release|Any CPU.Build.0 = Release|Any CPU
	EndGlobalSection
	GlobalSection(SolutionProperties) = preSolution
		HideSolutionNode = FALSE
	EndGlobalSection
	GlobalSection(ExtensibilityGlobals) = postSolution
		SolutionGuid = {834900A1-5CC3-4B0C-A602-59BE6FA44C76}
	EndGlobalSection
EndGlobal
